<?xml version="1.0" encoding="utf-8"?>
<Project ToolsVersion="4.0" xmlns="http://schemas.microsoft.com/developer/msbuild/2003">
  <ItemGroup>
    <ClCompile Include="pch.cpp" />
    <ClCompile Include="..\..\..\src\DegManager.c">
      <Filter>Code\magna_basesw\ErrorMgr</Filter>
    </ClCompile>
    <ClCompile Include="..\..\..\src\DegManager_app.c">
      <Filter>Code\magna_basesw\ErrorMgr</Filter>
    </ClCompile>
    <ClCompile Include="..\..\..\src\ErrorManagerAggregator.c">
      <Filter>Code\magna_basesw\ErrorMgr</Filter>
    </ClCompile>
    <ClCompile Include="..\..\..\src\ErrorManagerAggregatorApp.c">
      <Filter>Code\magna_basesw\ErrorMgr</Filter>
    </ClCompile>
    <ClCompile Include="..\..\..\src\ErrorManagerSatellite.c">
      <Filter>Code\magna_basesw\ErrorMgr</Filter>
    </ClCompile>
    <ClCompile Include="..\..\..\src\ErrorManagerSatelliteApp.c">
      <Filter>Code\magna_basesw\ErrorMgr</Filter>
    </ClCompile>
    <ClCompile Include="..\..\..\gen\DegManagerDef.c">
      <Filter>Code\magna_basesw\ErrorMgr</Filter>
    </ClCompile>
    <ClCompile Include="..\..\..\gen\ErrorManagerAggregatorDef.c">
      <Filter>Code\magna_basesw\ErrorMgr</Filter>
    </ClCompile>
    <ClCompile Include="..\..\..\gen\ErrorManagerCallbacks.c">
      <Filter>Code\magna_basesw\ErrorMgr</Filter>
    </ClCompile>
    <ClCompile Include="..\..\..\gen\ErrorManagerDef.c">
      <Filter>Code\magna_basesw\ErrorMgr</Filter>
    </ClCompile>
    <ClCompile Include="..\..\..\gen\ErrorManagerSatelliteDef.c">
      <Filter>Code\magna_basesw\ErrorMgr</Filter>
    </ClCompile>
    <ClCompile Include="..\..\..\..\SSM\src\SSM_Master_app.c">
      <Filter>Code\magna_basesw\SSM</Filter>
    </ClCompile>
    <ClCompile Include="..\..\..\..\SSM\src\SSM_Slave.c">
      <Filter>Code\magna_basesw\SSM</Filter>
    </ClCompile>
    <ClCompile Include="..\..\..\..\SSM\src\SSM_Slave_app.c">
      <Filter>Code\magna_basesw\SSM</Filter>
    </ClCompile>
    <ClCompile Include="..\..\support\Rte_Stubs.c">
      <Filter>Code\RTE_Stubs</Filter>
    </ClCompile>
    <ClCompile Include="..\..\..\..\..\autosar\vector_stack\GenData\mcu1_0\Rte_OsApplication.c">
      <Filter>Code\RTE_Depencies</Filter>
    </ClCompile>
    <ClCompile Include="..\..\..\..\..\autosar\vector_stack\GenData\mcu1_0\Rte.c">
      <Filter>Code\RTE_Depencies</Filter>
    </ClCompile>
    <ClCompile Include="..\..\..\..\..\..\mcu1_0\source\DegradationManager\ASIL_B\DegManager_B.c">
      <Filter>Code\RTE_Depencies\RTE_AppTemplates</Filter>
    </ClCompile>
    <ClCompile Include="..\..\..\..\..\..\mcu1_0\source\DegradationManager\ASIL_D\DegManager_D.c">
      <Filter>Code\RTE_Depencies\RTE_AppTemplates</Filter>
    </ClCompile>
    <ClCompile Include="..\..\..\..\..\..\mcu1_0\source\DegradationManager\QM\DegManager_QM.c">
      <Filter>Code\RTE_Depencies\RTE_AppTemplates</Filter>
    </ClCompile>
    <ClCompile Include="..\..\..\..\..\..\mcu1_0\source\ErrorMgr\ErrorMgrSat_1_0_B\ErrorMgrSat_1_0_B.c">
      <Filter>Code\RTE_Depencies\RTE_AppTemplates</Filter>
    </ClCompile>
    <ClCompile Include="..\..\..\..\..\..\mcu1_0\source\ErrorMgr\ErrorMgrSat_1_0_D\ErrorMgrSat_1_0_D.c">
      <Filter>Code\RTE_Depencies\RTE_AppTemplates</Filter>
    </ClCompile>
    <ClCompile Include="..\..\..\..\..\..\mcu1_0\source\ErrorMgr\ErrorMgrSat_1_0_QM\ErrorMgrSat_1_0_QM.c">
      <Filter>Code\RTE_Depencies\RTE_AppTemplates</Filter>
    </ClCompile>
    <ClCompile Include="..\..\support\ErrSatelliteStubs_C.c" />
    <ClCompile Include="..\..\..\..\..\..\mcu1_0\source\ErrorMgr\ErrorMgrAgg_1_0_B\ErrorMgrAgg_1_0_B.c">
      <Filter>Code\RTE_Depencies\RTE_AppTemplates</Filter>
    </ClCompile>
    <ClCompile Include="..\..\..\..\..\..\mcu1_0\source\ErrorMgr\ErrorMgrAgg_1_0_D\ErrorMgrAgg_1_0_D.c">
      <Filter>Code\RTE_Depencies\RTE_AppTemplates</Filter>
    </ClCompile>
    <ClCompile Include="..\..\..\..\..\..\mcu1_0\source\ErrorMgr\ErrorMgrAgg_1_0_QM\ErrorMgrAgg_1_0_QM.c">
      <Filter>Code\RTE_Depencies\RTE_AppTemplates</Filter>
    </ClCompile>
    <ClCompile Include="..\..\..\..\SSM\src\SSM_Master.c">
      <Filter>Code\magna_basesw\SSM</Filter>
    </ClCompile>
    <ClCompile Include="..\..\..\..\..\..\mcu1_0\source\ErrorMgr\ErrorMgrAgg_1_0_A\ErrorMgrAgg_1_0_A.c">
      <Filter>Code\RTE_Depencies\RTE_AppTemplates</Filter>
    </ClCompile>
    <ClCompile Include="..\..\..\..\..\..\mcu1_0\source\ErrorMgr\ErrorMgrAgg_1_0_C\ErrorMgrAgg_1_0_C.c">
      <Filter>Code\RTE_Depencies\RTE_AppTemplates</Filter>
    </ClCompile>
    <ClCompile Include="..\..\tests\CommonTestFramework.cpp" />
    <ClCompile Include="..\..\..\..\..\autosar\vector_stack\GenData\mcu1_0\ComXf.c">
      <Filter>Code\RTE_Depencies</Filter>
    </ClCompile>
    <ClCompile Include="..\..\..\..\..\autosar\vector_stack\GenData\mcu1_0\E2EXf_LCfg.c">
      <Filter>Code\RTE_Depencies</Filter>
    </ClCompile>
    <ClCompile Include="..\..\..\..\..\autosar\vector_stack\E2EXf\Implementation\E2EXf.c">
      <Filter>Code\RTE_Depencies</Filter>
    </ClCompile>
    <ClCompile Include="..\..\..\..\..\autosar\vector_stack\E2E\Implementation\E2E.c">
      <Filter>Code\RTE_Depencies</Filter>
    </ClCompile>
    <ClCompile Include="..\..\..\..\..\autosar\vector_stack\E2E\Implementation\E2E_P01.c">
      <Filter>Code\RTE_Depencies</Filter>
    </ClCompile>
    <ClCompile Include="..\..\..\..\..\autosar\vector_stack\E2E\Implementation\E2E_SM.c">
      <Filter>Code\RTE_Depencies</Filter>
    </ClCompile>
    <ClCompile Include="..\..\..\..\..\autosar\vector_stack\GenData\mcu1_0\Rte_OsApplication_QM.c">
      <Filter>Code\RTE_Depencies</Filter>
    </ClCompile>
    <ClCompile Include="..\..\..\..\..\autosar\vector_stack\GenData\mcu1_0\Rte_OsApplication_Safety.c">
      <Filter>Code\RTE_Depencies</Filter>
    </ClCompile>
    <ClCompile Include="..\..\..\..\..\autosar\vector_stack\Crc\Implementation\Crc.c">
      <Filter>Code\RTE_Depencies</Filter>
    </ClCompile>
    <ClCompile Include="..\..\..\..\..\..\mcu1_0\source\ErrorMgr\ErrorMgrSat_1_0_A\ErrorMgrSat_1_0_A.c">
      <Filter>Code\RTE_Depencies\RTE_AppTemplates</Filter>
    </ClCompile>
    <ClCompile Include="..\..\..\..\..\..\mcu1_0\source\DegradationManager\ASIL_A\DegManager_A.c">
      <Filter>Code\RTE_Depencies\RTE_AppTemplates</Filter>
    </ClCompile>
    <ClCompile Include="..\..\..\..\..\..\mcu1_0\source\DegradationManager\ASIL_C\DegManager_C.c">
      <Filter>Code\RTE_Depencies\RTE_AppTemplates</Filter>
    </ClCompile>
    <ClCompile Include="..\..\..\..\..\..\mcu1_0\source\ErrorMgr\ErrorMgrSat_1_0_C\ErrorMgrSat_1_0_C.c">
      <Filter>Code\RTE_Depencies\RTE_AppTemplates</Filter>
    </ClCompile>
    <ClCompile Include="..\..\tests\satelliteTests.cpp">
      <Filter>TestCases</Filter>
    </ClCompile>
  </ItemGroup>
  <ItemGroup>
    <ClInclude Include="pch.h" />
    <ClInclude Include="..\..\..\inc\DegManager.h">
      <Filter>Code\magna_basesw\ErrorMgr</Filter>
    </ClInclude>
    <ClInclude Include="..\..\..\inc\DegManager_app.h">
      <Filter>Code\magna_basesw\ErrorMgr</Filter>
    </ClInclude>
    <ClInclude Include="..\..\..\inc\DegManager_Rte.h">
      <Filter>Code\magna_basesw\ErrorMgr</Filter>
    </ClInclude>
    <ClInclude Include="..\..\..\inc\ErrorManagerAggregator.h">
      <Filter>Code\magna_basesw\ErrorMgr</Filter>
    </ClInclude>
    <ClInclude Include="..\..\..\inc\ErrorManagerAggregatorApp.h">
      <Filter>Code\magna_basesw\ErrorMgr</Filter>
    </ClInclude>
    <ClInclude Include="..\..\..\inc\ErrorManagerSatellite.h">
      <Filter>Code\magna_basesw\ErrorMgr</Filter>
    </ClInclude>
    <ClInclude Include="..\..\..\inc\ErrorManagerSatelliteApp.h">
      <Filter>Code\magna_basesw\ErrorMgr</Filter>
    </ClInclude>
    <ClInclude Include="..\..\..\inc\ErrorManagerTypes.h">
      <Filter>Code\magna_basesw\ErrorMgr</Filter>
    </ClInclude>
    <ClInclude Include="..\..\..\inc\ErrorManager_Rte.h">
      <Filter>Code\magna_basesw\ErrorMgr</Filter>
    </ClInclude>
    <ClInclude Include="..\..\..\cfg\DegManagercfg.h">
      <Filter>Code\magna_basesw\ErrorMgr</Filter>
    </ClInclude>
    <ClInclude Include="..\..\..\cfg\ErrorManagercfg.h">
      <Filter>Code\magna_basesw\ErrorMgr</Filter>
    </ClInclude>
    <ClInclude Include="..\..\..\gen\DegManagerDef.h">
      <Filter>Code\magna_basesw\ErrorMgr</Filter>
    </ClInclude>
    <ClInclude Include="..\..\..\gen\ErrorManagerAggregatorDef.h">
      <Filter>Code\magna_basesw\ErrorMgr</Filter>
    </ClInclude>
    <ClInclude Include="..\..\..\gen\ErrorManagerDef.h">
      <Filter>Code\magna_basesw\ErrorMgr</Filter>
    </ClInclude>
    <ClInclude Include="..\..\..\gen\ErrorManagerSatelliteDef.h">
      <Filter>Code\magna_basesw\ErrorMgr</Filter>
    </ClInclude>
    <ClInclude Include="..\..\..\gen\ErrorManagerShared.h">
      <Filter>Code\magna_basesw\ErrorMgr</Filter>
    </ClInclude>
    <ClInclude Include="..\..\..\gen\ErrorManager_RteOutStubs.h">
      <Filter>Code\magna_basesw\ErrorMgr</Filter>
    </ClInclude>
    <ClInclude Include="..\..\..\..\SSM\cfg\SSM_Cfg.h">
      <Filter>Code\magna_basesw\SSM</Filter>
    </ClInclude>
    <ClInclude Include="..\..\..\..\SSM\inc\SSM_Defs.h">
      <Filter>Code\magna_basesw\SSM</Filter>
    </ClInclude>
    <ClInclude Include="..\..\..\..\SSM\inc\SSM_Master.h">
      <Filter>Code\magna_basesw\SSM</Filter>
    </ClInclude>
    <ClInclude Include="..\..\..\..\SSM\inc\SSM_Master_app.h">
      <Filter>Code\magna_basesw\SSM</Filter>
    </ClInclude>
    <ClInclude Include="..\..\..\..\SSM\inc\SSM_Slave.h">
      <Filter>Code\magna_basesw\SSM</Filter>
    </ClInclude>
    <ClInclude Include="..\..\..\..\SSM\inc\SSM_Slave_app.h">
      <Filter>Code\magna_basesw\SSM</Filter>
    </ClInclude>
    <ClInclude Include="..\..\support\ErrorManagerTestDef.h" />
    <ClInclude Include="..\..\support\TestSupportDefs.h" />
  </ItemGroup>
  <ItemGroup>
    <Filter Include="Code">
      <UniqueIdentifier>{d0dd03f0-bdd1-4168-a863-ab737f66456a}</UniqueIdentifier>
    </Filter>
    <Filter Include="Code\magna_basesw">
      <UniqueIdentifier>{7b5c6432-1c07-474d-946c-c8f24eef1f3b}</UniqueIdentifier>
    </Filter>
    <Filter Include="Code\magna_basesw\ErrorMgr">
      <UniqueIdentifier>{6c6f01c7-dbbe-4d2c-893d-cc932769cd7f}</UniqueIdentifier>
    </Filter>
    <Filter Include="Code\magna_basesw\SSM">
      <UniqueIdentifier>{9e96af8b-9384-40b6-98e7-bcf4288c47ab}</UniqueIdentifier>
    </Filter>
    <Filter Include="Code\RTE_Depencies">
      <UniqueIdentifier>{b1cd4d20-0cfb-4bc7-b3d3-8989f33d2ab2}</UniqueIdentifier>
    </Filter>
    <Filter Include="Code\RTE_Stubs">
      <UniqueIdentifier>{db528be9-9b3b-48fc-8ff9-e163ba1581b2}</UniqueIdentifier>
    </Filter>
    <Filter Include="Code\RTE_Depencies\RTE_AppTemplates">
      <UniqueIdentifier>{550d979b-0c2b-4f60-83cf-3955369ad05d}</UniqueIdentifier>
    </Filter>
    <Filter Include="TestCases">
      <UniqueIdentifier>{4f06c79a-4c64-4698-b73e-ee13341a3d10}</UniqueIdentifier>
    </Filter>
  </ItemGroup>
  <ItemGroup>
    <None Include="packages.config" />
  </ItemGroup>
</Project>